
Microsoft Visual Studio Solution File, Format Version 12.00
Project("{FAE04EC0-301F-11D3-BF4B-00C04F79EFBC}") = "CrmAPI", "CrmAPI\CrmAPI.csproj", "{5BF77D26-D787-4FA0-9AA1-DDB93F59EC6E}"
EndProject
Project("{FAE04EC0-301F-11D3-BF4B-00C04F79EFBC}") = "WebAPI", "WebAPI\WebAPI.csproj", "{2817A6E7-1354-483E-B2B8-E772ADC567B4}"
EndProject
Global
	GlobalSection(SolutionConfigurationPlatforms) = preSolution
		Debug|Any CPU = Debug|Any CPU
		Release|Any CPU = Release|Any CPU
	EndGlobalSection
	GlobalSection(ProjectConfigurationPlatforms) = postSolution
		{5BF77D26-D787-4FA0-9AA1-DDB93F59EC6E}.Debug|Any CPU.ActiveCfg = Debug|Any CPU
		{5BF77D26-D787-4FA0-9AA1-DDB93F59EC6E}.Debug|Any CPU.Build.0 = Debug|Any CPU
		{5BF77D26-D787-4FA0-9AA1-DDB93F59EC6E}.Release|Any CPU.ActiveCfg = Release|Any CPU
		{5BF77D26-D787-4FA0-9AA1-DDB93F59EC6E}.Release|Any CPU.Build.0 = Release|Any CPU
		{2817A6E7-1354-483E-B2B8-E772ADC567B4}.Debug|Any CPU.ActiveCfg = Debug|Any CPU
		{2817A6E7-1354-483E-B2B8-E772ADC567B4}.Debug|Any CPU.Build.0 = Debug|Any CPU
		{2817A6E7-1354-483E-B2B8-E772ADC567B4}.Release|Any CPU.ActiveCfg = Release|Any CPU
		{2817A6E7-1354-483E-B2B8-E772ADC567B4}.Release|Any CPU.Build.0 = Release|Any CPU
	EndGlobalSection
EndGlobal
